
Microsoft Visual Studio Solution File, Format Version 12.00
# Visual Studio Version 17
VisualStudioVersion = 17.0.31903.59
MinimumVisualStudioVersion = 10.0.40219.1
Project("{FAE04EC0-301F-11D3-BF4B-00C04F79EFBC}") = "HomeWork4", "HomeWork4\HomeWork4.csproj", "{2CC25A22-2D0C-4982-B0E2-D2BE74004D68}"
EndProject
Global
	GlobalSection(SolutionConfigurationPlatforms) = preSolution
		Debug|Any CPU = Debug|Any CPU
		Release|Any CPU = Release|Any CPU
	EndGlobalSection
	GlobalSection(ProjectConfigurationPlatforms) = postSolution
		{2CC25A22-2D0C-4982-B0E2-D2BE74004D68}.Debug|Any CPU.ActiveCfg = Debug|Any CPU
		{2CC25A22-2D0C-4982-B0E2-D2BE74004D68}.Debug|Any CPU.Build.0 = Debug|Any CPU
		{2CC25A22-2D0C-4982-B0E2-D2BE74004D68}.Release|Any CPU.ActiveCfg = Release|Any CPU
		{2CC25A22-2D0C-4982-B0E2-D2BE74004D68}.Release|Any CPU.Build.0 = Release|Any CPU
	EndGlobalSection
	GlobalSection(SolutionProperties) = preSolution
		HideSolutionNode = FALSE
	EndGlobalSection
	GlobalSection(ExtensibilityGlobals) = postSolution
		SolutionGuid = {A438F5FE-32C8-413C-A364-EF742EBD1FF9}
	EndGlobalSection
EndGlobal
